PODS:
  - FlutterMacOS (1.0.0)
  - liquid_speech (0.1.0):
    - FlutterMacOS

DEPENDENCIES:
  - FlutterMacOS (from `Flutter/ephemeral`)
  - liquid_speech (from `Flutter/ephemeral/.symlinks/plugins/liquid_speech/macos`)

EXTERNAL SOURCES:
  FlutterMacOS:
    :path: Flutter/ephemeral
  liquid_speech:
    :path: Flutter/ephemeral/.symlinks/plugins/liquid_speech/macos

SPEC CHECKSUMS:
  FlutterMacOS: d0db08ddef1a9af05a5ec4b724367152bb0500b1
  liquid_speech: 60f1fb9f6a00da5bc8f818acc8c1c2e5f5959d47

PODFILE CHECKSUM: 346bfb2deb41d4a6ebd6f6799f92188bde2d246f

COCOAPODS: 1.16.2
